
Microsoft Visual Studio Solution File, Format Version 10.00
# Visual Studio 2008
Project("{FAE04EC0-301F-11D3-BF4B-00C04F79EFBC}") = "uHarmony_svm", "uHarmony_svm\uHarmony_svm.csproj", "{260B325A-712D-47D6-A24B-1C53F416DD2E}"
EndProject
Global
	GlobalSection(SolutionConfigurationPlatforms) = preSolution
		Debug|Any CPU = Debug|Any CPU
		Release|Any CPU = Release|Any CPU
	EndGlobalSection
	GlobalSection(ProjectConfigurationPlatforms) = postSolution
		{260B325A-712D-47D6-A24B-1C53F416DD2E}.Debug|Any CPU.ActiveCfg = Debug|Any CPU
		{260B325A-712D-47D6-A24B-1C53F416DD2E}.Debug|Any CPU.Build.0 = Debug|Any CPU
		{260B325A-712D-47D6-A24B-1C53F416DD2E}.Release|Any CPU.ActiveCfg = Release|Any CPU
		{260B325A-712D-47D6-A24B-1C53F416DD2E}.Release|Any CPU.Build.0 = Release|Any CPU
	EndGlobalSection
	GlobalSection(SolutionProperties) = preSolution
		HideSolutionNode = FALSE
	EndGlobalSection
EndGlobal
